
Microsoft Visual Studio Solution File, Format Version 12.00
# Visual Studio 15
VisualStudioVersion = 15.0.27703.2018
MinimumVisualStudioVersion = 10.0.40219.1
Project("{2150E333-8FDC-42A3-9474-1A3956D46DE8}") = "src", "src", "{36FD6FA8-0F8F-4D39-BFC5-FF7C6F2B2DB5}"
EndProject
Project("{2150E333-8FDC-42A3-9474-1A3956D46DE8}") = "tests", "tests", "{6B3DA030-70FD-4BBF-A330-6038109A8DE9}"
EndProject
Project("{9A19103F-16F7-4668-BE54-9A1E7A4F7556}") = "Core", "src\Core\Core.csproj", "{25CA591A-03CA-47B1-813B-57EFBD881096}"
EndProject
Project("{9A19103F-16F7-4668-BE54-9A1E7A4F7556}") = "Infrastructure", "src\Infrastructure\Infrastructure.csproj", "{605EE575-7550-444D-888E-B4FFFDD91ABA}"
EndProject
Project("{9A19103F-16F7-4668-BE54-9A1E7A4F7556}") = "Web", "src\Web\Web.csproj", "{3C621ED6-1670-4B0A-ABEA-A28B2F6DE402}"
EndProject
Project("{9A19103F-16F7-4668-BE54-9A1E7A4F7556}") = "UnitTests", "tests\UnitTests\UnitTests.csproj", "{014962E5-CFC7-4C2B-9A5F-D71EAA6F7A3C}"
EndProject
Project("{9A19103F-16F7-4668-BE54-9A1E7A4F7556}") = "IntegrationTests", "tests\IntegrationTests\IntegrationTests.csproj", "{93379B3C-6847-4398-90CF-88D90501FFFA}"
EndProject
Project("{9A19103F-16F7-4668-BE54-9A1E7A4F7556}") = "FunctionalTests", "tests\FunctionalTests\FunctionalTests.csproj", "{204954E0-6E29-49C1-9284-889818F1EE88}"
EndProject
Project("{00D1A9C2-B5F0-4AF3-8072-F6C62B433612}") = "Database", "db\Database\Database.sqlproj", "{0BDBBBDF-F574-4E27-9FA5-1159A2EC3261}"
EndProject
Project("{2150E333-8FDC-42A3-9474-1A3956D46DE8}") = "Solution Items", "Solution Items", "{99936B94-8103-4AE6-9D5F-5A45E75EBA6D}"
	ProjectSection(SolutionItems) = preProject
		VehicleAuctions.ruleset = VehicleAuctions.ruleset
	EndProjectSection
EndProject
Project("{2150E333-8FDC-42A3-9474-1A3956D46DE8}") = "db", "db", "{6A74FF7A-341A-4254-8BB7-44DA4430BFB1}"
EndProject
Project("{00D1A9C2-B5F0-4AF3-8072-F6C62B433612}") = "VehicleAuctions_Main", "db\VehicleAuctions_Main\VehicleAuctions_Main.sqlproj", "{F6F760E0-8522-4105-8E5A-630FA18317F7}"
EndProject
Project("{00D1A9C2-B5F0-4AF3-8072-F6C62B433612}") = "VehicleAuctions_Shard", "db\VehicleAuctions_Shard\VehicleAuctions_Shard.sqlproj", "{54A19BB4-ADA2-4C3B-97D5-3845025BF2BE}"
EndProject
Global
	GlobalSection(SolutionConfigurationPlatforms) = preSolution
		Debug|Any CPU = Debug|Any CPU
		Release|Any CPU = Release|Any CPU
	EndGlobalSection
	GlobalSection(ProjectConfigurationPlatforms) = postSolution
		{25CA591A-03CA-47B1-813B-57EFBD881096}.Debug|Any CPU.ActiveCfg = Debug|Any CPU
		{25CA591A-03CA-47B1-813B-57EFBD881096}.Debug|Any CPU.Build.0 = Debug|Any CPU
		{25CA591A-03CA-47B1-813B-57EFBD881096}.Release|Any CPU.ActiveCfg = Release|Any CPU
		{25CA591A-03CA-47B1-813B-57EFBD881096}.Release|Any CPU.Build.0 = Release|Any CPU
		{605EE575-7550-444D-888E-B4FFFDD91ABA}.Debug|Any CPU.ActiveCfg = Debug|Any CPU
		{605EE575-7550-444D-888E-B4FFFDD91ABA}.Debug|Any CPU.Build.0 = Debug|Any CPU
		{605EE575-7550-444D-888E-B4FFFDD91ABA}.Release|Any CPU.ActiveCfg = Release|Any CPU
		{605EE575-7550-444D-888E-B4FFFDD91ABA}.Release|Any CPU.Build.0 = Release|Any CPU
		{3C621ED6-1670-4B0A-ABEA-A28B2F6DE402}.Debug|Any CPU.ActiveCfg = Debug|Any CPU
		{3C621ED6-1670-4B0A-ABEA-A28B2F6DE402}.Debug|Any CPU.Build.0 = Debug|Any CPU
		{3C621ED6-1670-4B0A-ABEA-A28B2F6DE402}.Release|Any CPU.ActiveCfg = Release|Any CPU
		{3C621ED6-1670-4B0A-ABEA-A28B2F6DE402}.Release|Any CPU.Build.0 = Release|Any CPU
		{014962E5-CFC7-4C2B-9A5F-D71EAA6F7A3C}.Debug|Any CPU.ActiveCfg = Debug|Any CPU
		{014962E5-CFC7-4C2B-9A5F-D71EAA6F7A3C}.Debug|Any CPU.Build.0 = Debug|Any CPU
		{014962E5-CFC7-4C2B-9A5F-D71EAA6F7A3C}.Release|Any CPU.ActiveCfg = Release|Any CPU
		{014962E5-CFC7-4C2B-9A5F-D71EAA6F7A3C}.Release|Any CPU.Build.0 = Release|Any CPU
		{93379B3C-6847-4398-90CF-88D90501FFFA}.Debug|Any CPU.ActiveCfg = Debug|Any CPU
		{93379B3C-6847-4398-90CF-88D90501FFFA}.Debug|Any CPU.Build.0 = Debug|Any CPU
		{93379B3C-6847-4398-90CF-88D90501FFFA}.Release|Any CPU.ActiveCfg = Release|Any CPU
		{93379B3C-6847-4398-90CF-88D90501FFFA}.Release|Any CPU.Build.0 = Release|Any CPU
		{204954E0-6E29-49C1-9284-889818F1EE88}.Debug|Any CPU.ActiveCfg = Debug|Any CPU
		{204954E0-6E29-49C1-9284-889818F1EE88}.Debug|Any CPU.Build.0 = Debug|Any CPU
		{204954E0-6E29-49C1-9284-889818F1EE88}.Release|Any CPU.ActiveCfg = Release|Any CPU
		{204954E0-6E29-49C1-9284-889818F1EE88}.Release|Any CPU.Build.0 = Release|Any CPU
		{0BDBBBDF-F574-4E27-9FA5-1159A2EC3261}.Debug|Any CPU.ActiveCfg = Debug|Any CPU
		{0BDBBBDF-F574-4E27-9FA5-1159A2EC3261}.Debug|Any CPU.Build.0 = Debug|Any CPU
		{0BDBBBDF-F574-4E27-9FA5-1159A2EC3261}.Debug|Any CPU.Deploy.0 = Debug|Any CPU
		{0BDBBBDF-F574-4E27-9FA5-1159A2EC3261}.Release|Any CPU.ActiveCfg = Release|Any CPU
		{0BDBBBDF-F574-4E27-9FA5-1159A2EC3261}.Release|Any CPU.Build.0 = Release|Any CPU
		{0BDBBBDF-F574-4E27-9FA5-1159A2EC3261}.Release|Any CPU.Deploy.0 = Release|Any CPU
		{F6F760E0-8522-4105-8E5A-630FA18317F7}.Debug|Any CPU.ActiveCfg = Debug|Any CPU
		{F6F760E0-8522-4105-8E5A-630FA18317F7}.Debug|Any CPU.Build.0 = Debug|Any CPU
		{F6F760E0-8522-4105-8E5A-630FA18317F7}.Debug|Any CPU.Deploy.0 = Debug|Any CPU
		{F6F760E0-8522-4105-8E5A-630FA18317F7}.Release|Any CPU.ActiveCfg = Release|Any CPU
		{F6F760E0-8522-4105-8E5A-630FA18317F7}.Release|Any CPU.Build.0 = Release|Any CPU
		{F6F760E0-8522-4105-8E5A-630FA18317F7}.Release|Any CPU.Deploy.0 = Release|Any CPU
		{54A19BB4-ADA2-4C3B-97D5-3845025BF2BE}.Debug|Any CPU.ActiveCfg = Debug|Any CPU
		{54A19BB4-ADA2-4C3B-97D5-3845025BF2BE}.Debug|Any CPU.Build.0 = Debug|Any CPU
		{54A19BB4-ADA2-4C3B-97D5-3845025BF2BE}.Debug|Any CPU.Deploy.0 = Debug|Any CPU
		{54A19BB4-ADA2-4C3B-97D5-3845025BF2BE}.Release|Any CPU.ActiveCfg = Release|Any CPU
		{54A19BB4-ADA2-4C3B-97D5-3845025BF2BE}.Release|Any CPU.Build.0 = Release|Any CPU
		{54A19BB4-ADA2-4C3B-97D5-3845025BF2BE}.Release|Any CPU.Deploy.0 = Release|Any CPU
	EndGlobalSection
	GlobalSection(SolutionProperties) = preSolution
		HideSolutionNode = FALSE
	EndGlobalSection
	GlobalSection(NestedProjects) = preSolution
		{25CA591A-03CA-47B1-813B-57EFBD881096} = {36FD6FA8-0F8F-4D39-BFC5-FF7C6F2B2DB5}
		{605EE575-7550-444D-888E-B4FFFDD91ABA} = {36FD6FA8-0F8F-4D39-BFC5-FF7C6F2B2DB5}
		{3C621ED6-1670-4B0A-ABEA-A28B2F6DE402} = {36FD6FA8-0F8F-4D39-BFC5-FF7C6F2B2DB5}
		{014962E5-CFC7-4C2B-9A5F-D71EAA6F7A3C} = {6B3DA030-70FD-4BBF-A330-6038109A8DE9}
		{93379B3C-6847-4398-90CF-88D90501FFFA} = {6B3DA030-70FD-4BBF-A330-6038109A8DE9}
		{204954E0-6E29-49C1-9284-889818F1EE88} = {6B3DA030-70FD-4BBF-A330-6038109A8DE9}
		{0BDBBBDF-F574-4E27-9FA5-1159A2EC3261} = {6A74FF7A-341A-4254-8BB7-44DA4430BFB1}
		{F6F760E0-8522-4105-8E5A-630FA18317F7} = {6A74FF7A-341A-4254-8BB7-44DA4430BFB1}
		{54A19BB4-ADA2-4C3B-97D5-3845025BF2BE} = {6A74FF7A-341A-4254-8BB7-44DA4430BFB1}
	EndGlobalSection
	GlobalSection(ExtensibilityGlobals) = postSolution
		SolutionGuid = {678CD743-4226-416D-8B69-69A23FE2EAA1}
	EndGlobalSection
EndGlobal
